
Microsoft Visual Studio Solution File, Format Version 10.00
# Visual Studio 2008
Project("{FAE04EC0-301F-11D3-BF4B-00C04F79EFBC}") = "BitmapFontEditor", "WindowsFormsApplication1\BitmapFontEditor.csproj", "{F8D6F0C6-A64B-429D-AB18-77D1813800B5}"
EndProject
Global
	GlobalSection(SolutionConfigurationPlatforms) = preSolution
		Debug|Any CPU = Debug|Any CPU
		Release|Any CPU = Release|Any CPU
	EndGlobalSection
	GlobalSection(ProjectConfigurationPlatforms) = postSolution
		{F8D6F0C6-A64B-429D-AB18-77D1813800B5}.Debug|Any CPU.ActiveCfg = Debug|Any CPU
		{F8D6F0C6-A64B-429D-AB18-77D1813800B5}.Debug|Any CPU.Build.0 = Debug|Any CPU
		{F8D6F0C6-A64B-429D-AB18-77D1813800B5}.Release|Any CPU.ActiveCfg = Release|Any CPU
		{F8D6F0C6-A64B-429D-AB18-77D1813800B5}.Release|Any CPU.Build.0 = Release|Any CPU
	EndGlobalSection
	GlobalSection(SolutionProperties) = preSolution
		HideSolutionNode = FALSE
	EndGlobalSection
EndGlobal
